
Microsoft Visual Studio Solution File, Format Version 12.00
# Visual Studio Version 16
VisualStudioVersion = 25.0.1700.0
MinimumVisualStudioVersion = 10.0.40219.1
Project("{FAE04EC0-301F-11D3-BF4B-00C04F79EFBC}") = "OOP_Introduction_6.0", "OPP_Introduction_6.0\OOP_Introduction_6.0.csproj", "{C49FF89D-72FF-4E94-892D-F83A7464D535}"
EndProject
Global
	GlobalSection(SolutionConfigurationPlatforms) = preSolution
		Debug|Any CPU = Debug|Any CPU
		Release|Any CPU = Release|Any CPU
	EndGlobalSection
	GlobalSection(ProjectConfigurationPlatforms) = postSolution
		{C49FF89D-72FF-4E94-892D-F83A7464D535}.Debug|Any CPU.ActiveCfg = Debug|Any CPU
		{C49FF89D-72FF-4E94-892D-F83A7464D535}.Debug|Any CPU.Build.0 = Debug|Any CPU
		{C49FF89D-72FF-4E94-892D-F83A7464D535}.Release|Any CPU.ActiveCfg = Release|Any CPU
		{C49FF89D-72FF-4E94-892D-F83A7464D535}.Release|Any CPU.Build.0 = Release|Any CPU
	EndGlobalSection
	GlobalSection(SolutionProperties) = preSolution
		HideSolutionNode = FALSE
	EndGlobalSection
	GlobalSection(ExtensibilityGlobals) = postSolution
		SolutionGuid = {A0859C6C-F414-4FDF-AAD8-CCAE0F6DF7CA}
	EndGlobalSection
EndGlobal
